
Microsoft Visual Studio Solution File, Format Version 12.00
# Visual Studio Version 16
VisualStudioVersion = 16.0.30114.105
MinimumVisualStudioVersion = 10.0.40219.1
Project("{9092AA53-FB77-4645-B42D-1CCCA6BD08BD}") = "HelloWorld", "HelloWorld\HelloWorld.njsproj", "{13E47476-16C0-474C-81C2-89F95A70BFA8}"
EndProject
Global
	GlobalSection(SolutionConfigurationPlatforms) = preSolution
		Debug|Any CPU = Debug|Any CPU
		Release|Any CPU = Release|Any CPU
	EndGlobalSection
	GlobalSection(ProjectConfigurationPlatforms) = postSolution
		{13E47476-16C0-474C-81C2-89F95A70BFA8}.Debug|Any CPU.ActiveCfg = Debug|Any CPU
		{13E47476-16C0-474C-81C2-89F95A70BFA8}.Debug|Any CPU.Build.0 = Debug|Any CPU
		{13E47476-16C0-474C-81C2-89F95A70BFA8}.Release|Any CPU.ActiveCfg = Release|Any CPU
		{13E47476-16C0-474C-81C2-89F95A70BFA8}.Release|Any CPU.Build.0 = Release|Any CPU
	EndGlobalSection
	GlobalSection(SolutionProperties) = preSolution
		HideSolutionNode = FALSE
	EndGlobalSection
	GlobalSection(ExtensibilityGlobals) = postSolution
		SolutionGuid = {72E08078-BE7A-4C59-8CC6-E56F9A9613BD}
	EndGlobalSection
EndGlobal
